// !$*UTF8*$!
{
	archiveVersion = 1;
	classes = {
	};
	objectVersion = 55;
	objects = {

/* Begin PBXBuildFile section */
		33E5987C27D32FE000A67559 /* Extensions.swift in Sources */ = {isa = PBXBuildFile; fileRef = 33E5987B27D32FE000A67559 /* Extensions.swift */; };
		33F20AF727D4D3EB0024094C /* FirebaseAuth in Frameworks */ = {isa = PBXBuildFile; productRef = 33F20AF627D4D3EB0024094C /* FirebaseAuth */; };
		33F20AF927D4D3EB0024094C /* FirebaseDatabase in Frameworks */ = {isa = PBXBuildFile; productRef = 33F20AF827D4D3EB0024094C /* FirebaseDatabase */; };
		33F20AFB27D4D3EB0024094C /* FirebaseDatabaseSwift-Beta in Frameworks */ = {isa = PBXBuildFile; productRef = 33F20AFA27D4D3EB0024094C /* FirebaseDatabaseSwift-Beta */; };
		33F20AFD27D4D3EB0024094C /* FirebaseMessaging in Frameworks */ = {isa = PBXBuildFile; productRef = 33F20AFC27D4D3EB0024094C /* FirebaseMessaging */; };
		33F20AFF27D4D9C30024094C /* GoogleService-Info.plist in Resources */ = {isa = PBXBuildFile; fileRef = 33F20AFE27D4D9C30024094C /* GoogleService-Info.plist */; };
		33F20B0127D88DCA0024094C /* DatabaseManager.swift in Sources */ = {isa = PBXBuildFile; fileRef = 33F20B0027D88DCA0024094C /* DatabaseManager.swift */; };
		33FD39FB27D09F9500BEC78D /* AppDelegate.swift in Sources */ = {isa = PBXBuildFile; fileRef = 33FD39FA27D09F9500BEC78D /* AppDelegate.swift */; };
		33FD39FD27D09F9500BEC78D /* SceneDelegate.swift in Sources */ = {isa = PBXBuildFile; fileRef = 33FD39FC27D09F9500BEC78D /* SceneDelegate.swift */; };
		33FD39FF27D09F9500BEC78D /* ConversationsViewController.swift in Sources */ = {isa = PBXBuildFile; fileRef = 33FD39FE27D09F9500BEC78D /* ConversationsViewController.swift */; };
		33FD3A0227D09F9500BEC78D /* Main.storyboard in Resources */ = {isa = PBXBuildFile; fileRef = 33FD3A0027D09F9500BEC78D /* Main.storyboard */; };
		33FD3A0427D09F9700BEC78D /* Assets.xcassets in Resources */ = {isa = PBXBuildFile; fileRef = 33FD3A0327D09F9700BEC78D /* Assets.xcassets */; };
		33FD3A0727D09F9700BEC78D /* LaunchScreen.storyboard in Resources */ = {isa = PBXBuildFile; fileRef = 33FD3A0527D09F9700BEC78D /* LaunchScreen.storyboard */; };
		33FD3A1527D0AE3300BEC78D /* LoginViewController.swift in Sources */ = {isa = PBXBuildFile; fileRef = 33FD3A1427D0AE3300BEC78D /* LoginViewController.swift */; };
		33FD3A1727D0AE5900BEC78D /* RegisterViewController.swift in Sources */ = {isa = PBXBuildFile; fileRef = 33FD3A1627D0AE5900BEC78D /* RegisterViewController.swift */; };
		33FD3A1927D0AE8C00BEC78D /* PhotoViewerViewController.swift in Sources */ = {isa = PBXBuildFile; fileRef = 33FD3A1827D0AE8C00BEC78D /* PhotoViewerViewController.swift */; };
		33FD3A1B27D0AEA400BEC78D /* VideoPlayerViewController.swift in Sources */ = {isa = PBXBuildFile; fileRef = 33FD3A1A27D0AEA400BEC78D /* VideoPlayerViewController.swift */; };
		33FD3A1D27D0AEEC00BEC78D /* NewConversationViewController.swift in Sources */ = {isa = PBXBuildFile; fileRef = 33FD3A1C27D0AEEC00BEC78D /* NewConversationViewController.swift */; };
		33FD3A1F27D0AF1800BEC78D /* ProfileViewController.swift in Sources */ = {isa = PBXBuildFile; fileRef = 33FD3A1E27D0AF1800BEC78D /* ProfileViewController.swift */; };
/* End PBXBuildFile section */

/* Begin PBXFileReference section */
		33E5987B27D32FE000A67559 /* Extensions.swift */ = {isa = PBXFileReference; lastKnownFileType = sourcecode.swift; path = Extensions.swift; sourceTree = "<group>"; };
		33F20AFE27D4D9C30024094C /* GoogleService-Info.plist */ = {isa = PBXFileReference; fileEncoding = 4; lastKnownFileType = text.plist.xml; path = "GoogleService-Info.plist"; sourceTree = "<group>"; };
		33F20B0027D88DCA0024094C /* DatabaseManager.swift */ = {isa = PBXFileReference; lastKnownFileType = sourcecode.swift; path = DatabaseManager.swift; sourceTree = "<group>"; };
		33FD39F727D09F9500BEC78D /* MyMessenger.app */ = {isa = PBXFileReference; explicitFileType = wrapper.application; includeInIndex = 0; path = MyMessenger.app; sourceTree = BUILT_PRODUCTS_DIR; };
		33FD39FA27D09F9500BEC78D /* AppDelegate.swift */ = {isa = PBXFileReference; lastKnownFileType = sourcecode.swift; path = AppDelegate.swift; sourceTree = "<group>"; };
		33FD39FC27D09F9500BEC78D /* SceneDelegate.swift */ = {isa = PBXFileReference; lastKnownFileType = sourcecode.swift; path = SceneDelegate.swift; sourceTree = "<group>"; };
		33FD39FE27D09F9500BEC78D /* ConversationsViewController.swift */ = {isa = PBXFileReference; lastKnownFileType = sourcecode.swift; path = ConversationsViewController.swift; sourceTree = "<group>"; };
		33FD3A0127D09F9500BEC78D /* Base */ = {isa = PBXFileReference; lastKnownFileType = file.storyboard; name = Base; path = Base.lproj/Main.storyboard; sourceTree = "<group>"; };
		33FD3A0327D09F9700BEC78D /* Assets.xcassets */ = {isa = PBXFileReference; lastKnownFileType = folder.assetcatalog; path = Assets.xcassets; sourceTree = "<group>"; };
		33FD3A0627D09F9700BEC78D /* Base */ = {isa = PBXFileReference; lastKnownFileType = file.storyboard; name = Base; path = Base.lproj/LaunchScreen.storyboard; sourceTree = "<group>"; };
		33FD3A0827D09F9700BEC78D /* Info.plist */ = {isa = PBXFileReference; lastKnownFileType = text.plist.xml; path = Info.plist; sourceTree = "<group>"; };
		33FD3A1427D0AE3300BEC78D /* LoginViewController.swift */ = {isa = PBXFileReference; lastKnownFileType = sourcecode.swift; path = LoginViewController.swift; sourceTree = "<group>"; };
		33FD3A1627D0AE5900BEC78D /* RegisterViewController.swift */ = {isa = PBXFileReference; lastKnownFileType = sourcecode.swift; path = RegisterViewController.swift; sourceTree = "<group>"; };
		33FD3A1827D0AE8C00BEC78D /* PhotoViewerViewController.swift */ = {isa = PBXFileReference; lastKnownFileType = sourcecode.swift; path = PhotoViewerViewController.swift; sourceTree = "<group>"; };
		33FD3A1A27D0AEA400BEC78D /* VideoPlayerViewController.swift */ = {isa = PBXFileReference; lastKnownFileType = sourcecode.swift; path = VideoPlayerViewController.swift; sourceTree = "<group>"; };
		33FD3A1C27D0AEEC00BEC78D /* NewConversationViewController.swift */ = {isa = PBXFileReference; lastKnownFileType = sourcecode.swift; path = NewConversationViewController.swift; sourceTree = "<group>"; };
		33FD3A1E27D0AF1800BEC78D /* ProfileViewController.swift */ = {isa = PBXFileReference; lastKnownFileType = sourcecode.swift; path = ProfileViewController.swift; sourceTree = "<group>"; };
/* End PBXFileReference section */

/* Begin PBXFrameworksBuildPhase section */
		33FD39F427D09F9500BEC78D /* Frameworks */ = {
			isa = PBXFrameworksBuildPhase;
			buildActionMask = 2147483647;
			files = (
				33F20AFD27D4D3EB0024094C /* FirebaseMessaging in Frameworks */,
				33F20AFB27D4D3EB0024094C /* FirebaseDatabaseSwift-Beta in Frameworks */,
				33F20AF927D4D3EB0024094C /* FirebaseDatabase in Frameworks */,
				33F20AF727D4D3EB0024094C /* FirebaseAuth in Frameworks */,
			);
			runOnlyForDeploymentPostprocessing = 0;
		};
/* End PBXFrameworksBuildPhase section */

/* Begin PBXGroup section */
		33E5987A27D3226100A67559 /* Login */ = {
			isa = PBXGroup;
			children = (
				33FD3A1427D0AE3300BEC78D /* LoginViewController.swift */,
				33FD3A1627D0AE5900BEC78D /* RegisterViewController.swift */,
			);
			path = Login;
			sourceTree = "<group>";
		};
		33FD39EE27D09F9500BEC78D = {
			isa = PBXGroup;
			children = (
				33FD39F927D09F9500BEC78D /* MyMessenger */,
				33FD39F827D09F9500BEC78D /* Products */,
			);
			sourceTree = "<group>";
		};
		33FD39F827D09F9500BEC78D /* Products */ = {
			isa = PBXGroup;
			children = (
				33FD39F727D09F9500BEC78D /* MyMessenger.app */,
			);
			name = Products;
			sourceTree = "<group>";
		};
		33FD39F927D09F9500BEC78D /* MyMessenger */ = {
			isa = PBXGroup;
			children = (
				33F20AFE27D4D9C30024094C /* GoogleService-Info.plist */,
				33FD3A0E27D0A19300BEC78D /* Resources */,
				33FD3A1127D0A1E300BEC78D /* Views */,
				33FD3A1027D0A1C100BEC78D /* Controller */,
				33FD3A0F27D0A1AD00BEC78D /* Model */,
				33FD3A1227D0A1EB00BEC78D /* ViewModels */,
				33FD3A0827D09F9700BEC78D /* Info.plist */,
			);
			path = MyMessenger;
			sourceTree = "<group>";
		};
		33FD3A0E27D0A19300BEC78D /* Resources */ = {
			isa = PBXGroup;
			children = (
				33FD39FA27D09F9500BEC78D /* AppDelegate.swift */,
				33FD39FC27D09F9500BEC78D /* SceneDelegate.swift */,
				33E5987B27D32FE000A67559 /* Extensions.swift */,
				33F20B0027D88DCA0024094C /* DatabaseManager.swift */,
			);
			path = Resources;
			sourceTree = "<group>";
		};
		33FD3A0F27D0A1AD00BEC78D /* Model */ = {
			isa = PBXGroup;
			children = (
			);
			path = Model;
			sourceTree = "<group>";
		};
		33FD3A1027D0A1C100BEC78D /* Controller */ = {
			isa = PBXGroup;
			children = (
				33FD39FE27D09F9500BEC78D /* ConversationsViewController.swift */,
				33E5987A27D3226100A67559 /* Login */,
				33FD3A1827D0AE8C00BEC78D /* PhotoViewerViewController.swift */,
				33FD3A1A27D0AEA400BEC78D /* VideoPlayerViewController.swift */,
				33FD3A1C27D0AEEC00BEC78D /* NewConversationViewController.swift */,
				33FD3A1E27D0AF1800BEC78D /* ProfileViewController.swift */,
			);
			path = Controller;
			sourceTree = "<group>";
		};
		33FD3A1127D0A1E300BEC78D /* Views */ = {
			isa = PBXGroup;
			children = (
				33FD3A1327D0AC9900BEC78D /* Storyboard */,
				33FD3A0327D09F9700BEC78D /* Assets.xcassets */,
			);
			path = Views;
			sourceTree = "<group>";
		};
		33FD3A1227D0A1EB00BEC78D /* ViewModels */ = {
			isa = PBXGroup;
			children = (
			);
			path = ViewModels;
			sourceTree = "<group>";
		};
		33FD3A1327D0AC9900BEC78D /* Storyboard */ = {
			isa = PBXGroup;
			children = (
				33FD3A0027D09F9500BEC78D /* Main.storyboard */,
				33FD3A0527D09F9700BEC78D /* LaunchScreen.storyboard */,
			);
			path = Storyboard;
			sourceTree = "<group>";
		};
/* End PBXGroup section */

/* Begin PBXNativeTarget section */
		33FD39F627D09F9500BEC78D /* MyMessenger */ = {
			isa = PBXNativeTarget;
			buildConfigurationList = 33FD3A0B27D09F9700BEC78D /* Build configuration list for PBXNativeTarget "MyMessenger" */;
			buildPhases = (
				33FD39F327D09F9500BEC78D /* Sources */,
				33FD39F427D09F9500BEC78D /* Frameworks */,
				33FD39F527D09F9500BEC78D /* Resources */,
			);
			buildRules = (
			);
			dependencies = (
			);
			name = MyMessenger;
			packageProductDependencies = (
				33F20AF627D4D3EB0024094C /* FirebaseAuth */,
				33F20AF827D4D3EB0024094C /* FirebaseDatabase */,
				33F20AFA27D4D3EB0024094C /* FirebaseDatabaseSwift-Beta */,
				33F20AFC27D4D3EB0024094C /* FirebaseMessaging */,
			);
			productName = MyMessenger;
			productReference = 33FD39F727D09F9500BEC78D /* MyMessenger.app */;
			productType = "com.apple.product-type.application";
		};
/* End PBXNativeTarget section */

/* Begin PBXProject section */
		33FD39EF27D09F9500BEC78D /* Project object */ = {
			isa = PBXProject;
			attributes = {
				BuildIndependentTargetsInParallel = 1;
				LastSwiftUpdateCheck = 1320;
				LastUpgradeCheck = 1320;
				TargetAttributes = {
					33FD39F627D09F9500BEC78D = {
						CreatedOnToolsVersion = 13.2.1;
					};
				};
			};
			buildConfigurationList = 33FD39F227D09F9500BEC78D /* Build configuration list for PBXProject "MyMessenger" */;
			compatibilityVersion = "Xcode 13.0";
			developmentRegion = en;
			hasScannedForEncodings = 0;
			knownRegions = (
				en,
				Base,
			);
			mainGroup = 33FD39EE27D09F9500BEC78D;
			packageReferences = (
				33F20AF527D4D3EB0024094C /* XCRemoteSwiftPackageReference "firebase-ios-sdk" */,
			);
			productRefGroup = 33FD39F827D09F9500BEC78D /* Products */;
			projectDirPath = "";
			projectRoot = "";
			targets = (
				33FD39F627D09F9500BEC78D /* MyMessenger */,
			);
		};
/* End PBXProject section */

/* Begin PBXResourcesBuildPhase section */
		33FD39F527D09F9500BEC78D /* Resources */ = {
			isa = PBXResourcesBuildPhase;
			buildActionMask = 2147483647;
			files = (
				33FD3A0727D09F9700BEC78D /* LaunchScreen.storyboard in Resources */,
				33FD3A0427D09F9700BEC78D /* Assets.xcassets in Resources */,
				33FD3A0227D09F9500BEC78D /* Main.storyboard in Resources */,
				33F20AFF27D4D9C30024094C /* GoogleService-Info.plist in Resources */,
			);
			runOnlyForDeploymentPostprocessing = 0;
		};
/* End PBXResourcesBuildPhase section */

/* Begin PBXSourcesBuildPhase section */
		33FD39F327D09F9500BEC78D /* Sources */ = {
			isa = PBXSourcesBuildPhase;
			buildActionMask = 2147483647;
			files = (
				33FD3A1527D0AE3300BEC78D /* LoginViewController.swift in Sources */,
				33F20B0127D88DCA0024094C /* DatabaseManager.swift in Sources */,
				33FD3A1727D0AE5900BEC78D /* RegisterViewController.swift in Sources */,
				33FD3A1D27D0AEEC00BEC78D /* NewConversationViewController.swift in Sources */,
				33FD39FF27D09F9500BEC78D /* ConversationsViewController.swift in Sources */,
				33FD3A1B27D0AEA400BEC78D /* VideoPlayerViewController.swift in Sources */,
				33E5987C27D32FE000A67559 /* Extensions.swift in Sources */,
				33FD39FB27D09F9500BEC78D /* AppDelegate.swift in Sources */,
				33FD3A1F27D0AF1800BEC78D /* ProfileViewController.swift in Sources */,
				33FD39FD27D09F9500BEC78D /* SceneDelegate.swift in Sources */,
				33FD3A1927D0AE8C00BEC78D /* PhotoViewerViewController.swift in Sources */,
			);
			runOnlyForDeploymentPostprocessing = 0;
		};
/* End PBXSourcesBuildPhase section */

/* Begin PBXVariantGroup section */
		33FD3A0027D09F9500BEC78D /* Main.storyboard */ = {
			isa = PBXVariantGroup;
			children = (
				33FD3A0127D09F9500BEC78D /* Base */,
			);
			name = Main.storyboard;
			sourceTree = "<group>";
		};
		33FD3A0527D09F9700BEC78D /* LaunchScreen.storyboard */ = {
			isa = PBXVariantGroup;
			children = (
				33FD3A0627D09F9700BEC78D /* Base */,
			);
			name = LaunchScreen.storyboard;
			sourceTree = "<group>";
		};
/* End PBXVariantGroup section */

/* Begin XCBuildConfiguration section */
		33FD3A0927D09F9700BEC78D /* Debug */ = {
			isa = XCBuildConfiguration;
			buildSettings = {
				ALWAYS_SEARCH_USER_PATHS = NO;
				CLANG_ANALYZER_NONNULL = YES;
				CLANG_ANALYZER_NUMBER_OBJECT_CONVERSION = YES_AGGRESSIVE;
				CLANG_CXX_LANGUAGE_STANDARD = "gnu++17";
				CLANG_CXX_LIBRARY = "libc++";
				CLANG_ENABLE_MODULES = YES;
				CLANG_ENABLE_OBJC_ARC = YES;
				CLANG_ENABLE_OBJC_WEAK = YES;
				CLANG_WARN_BLOCK_CAPTURE_AUTORELEASING = YES;
				CLANG_WARN_BOOL_CONVERSION = YES;
				CLANG_WARN_COMMA = YES;
				CLANG_WARN_CONSTANT_CONVERSION = YES;
				CLANG_WARN_DEPRECATED_OBJC_IMPLEMENTATIONS = YES;
				CLANG_WARN_DIRECT_OBJC_ISA_USAGE = YES_ERROR;
				CLANG_WARN_DOCUMENTATION_COMMENTS = YES;
				CLANG_WARN_EMPTY_BODY = YES;
				CLANG_WARN_ENUM_CONVERSION = YES;
				CLANG_WARN_INFINITE_RECURSION = YES;
				CLANG_WARN_INT_CONVERSION = YES;
				CLANG_WARN_NON_LITERAL_NULL_CONVERSION = YES;
				CLANG_WARN_OBJC_IMPLICIT_RETAIN_SELF = YES;
				CLANG_WARN_OBJC_LITERAL_CONVERSION = YES;
				CLANG_WARN_OBJC_ROOT_CLASS = YES_ERROR;
				CLANG_WARN_QUOTED_INCLUDE_IN_FRAMEWORK_HEADER = YES;
				CLANG_WARN_RANGE_LOOP_ANALYSIS = YES;
				CLANG_WARN_STRICT_PROTOTYPES = YES;
				CLANG_WARN_SUSPICIOUS_MOVE = YES;
				CLANG_WARN_UNGUARDED_AVAILABILITY = YES_AGGRESSIVE;
				CLANG_WARN_UNREACHABLE_CODE = YES;
				CLANG_WARN__DUPLICATE_METHOD_MATCH = YES;
				COPY_PHASE_STRIP = NO;
				DEBUG_INFORMATION_FORMAT = dwarf;
				ENABLE_STRICT_OBJC_MSGSEND = YES;
				ENABLE_TESTABILITY = YES;
				GCC_C_LANGUAGE_STANDARD = gnu11;
				GCC_DYNAMIC_NO_PIC = NO;
				GCC_NO_COMMON_BLOCKS = YES;
				GCC_OPTIMIZATION_LEVEL = 0;
				GCC_PREPROCESSOR_DEFINITIONS = (
					"DEBUG=1",
					"$(inherited)",
				);
				GCC_WARN_64_TO_32_BIT_CONVERSION = YES;
				GCC_WARN_ABOUT_RETURN_TYPE = YES_ERROR;
				GCC_WARN_UNDECLARED_SELECTOR = YES;
				GCC_WARN_UNINITIALIZED_AUTOS = YES_AGGRESSIVE;
				GCC_WARN_UNUSED_FUNCTION = YES;
				GCC_WARN_UNUSED_VARIABLE = YES;
				IPHONEOS_DEPLOYMENT_TARGET = 15.2;
				MTL_ENABLE_DEBUG_INFO = INCLUDE_SOURCE;
				MTL_FAST_MATH = YES;
				ONLY_ACTIVE_ARCH = YES;
				SDKROOT = iphoneos;
				SWIFT_ACTIVE_COMPILATION_CONDITIONS = DEBUG;
				SWIFT_OPTIMIZATION_LEVEL = "-Onone";
			};
			name = Debug;
		};
		33FD3A0A27D09F9700BEC78D /* Release */ = {
			isa = XCBuildConfiguration;
			buildSettings = {
				ALWAYS_SEARCH_USER_PATHS = NO;
				CLANG_ANALYZER_NONNULL = YES;
				CLANG_ANALYZER_NUMBER_OBJECT_CONVERSION = YES_AGGRESSIVE;
				CLANG_CXX_LANGUAGE_STANDARD = "gnu++17";
				CLANG_CXX_LIBRARY = "libc++";
				CLANG_ENABLE_MODULES = YES;
				CLANG_ENABLE_OBJC_ARC = YES;
				CLANG_ENABLE_OBJC_WEAK = YES;
				CLANG_WARN_BLOCK_CAPTURE_AUTORELEASING = YES;
				CLANG_WARN_BOOL_CONVERSION = YES;
				CLANG_WARN_COMMA = YES;
				CLANG_WARN_CONSTANT_CONVERSION = YES;
				CLANG_WARN_DEPRECATED_OBJC_IMPLEMENTATIONS = YES;
				CLANG_WARN_DIRECT_OBJC_ISA_USAGE = YES_ERROR;
				CLANG_WARN_DOCUMENTATION_COMMENTS = YES;
				CLANG_WARN_EMPTY_BODY = YES;
				CLANG_WARN_ENUM_CONVERSION = YES;
				CLANG_WARN_INFINITE_RECURSION = YES;
				CLANG_WARN_INT_CONVERSION = YES;
				CLANG_WARN_NON_LITERAL_NULL_CONVERSION = YES;
				CLANG_WARN_OBJC_IMPLICIT_RETAIN_SELF = YES;
				CLANG_WARN_OBJC_LITERAL_CONVERSION = YES;
				CLANG_WARN_OBJC_ROOT_CLASS = YES_ERROR;
				CLANG_WARN_QUOTED_INCLUDE_IN_FRAMEWORK_HEADER = YES;
				CLANG_WARN_RANGE_LOOP_ANALYSIS = YES;
				CLANG_WARN_STRICT_PROTOTYPES = YES;
				CLANG_WARN_SUSPICIOUS_MOVE = YES;
				CLANG_WARN_UNGUARDED_AVAILABILITY = YES_AGGRESSIVE;
				CLANG_WARN_UNREACHABLE_CODE = YES;
				CLANG_WARN__DUPLICATE_METHOD_MATCH = YES;
				COPY_PHASE_STRIP = NO;
				DEBUG_INFORMATION_FORMAT = "dwarf-with-dsym";
				ENABLE_NS_ASSERTIONS = NO;
				ENABLE_STRICT_OBJC_MSGSEND = YES;
				GCC_C_LANGUAGE_STANDARD = gnu11;
				GCC_NO_COMMON_BLOCKS = YES;
				GCC_WARN_64_TO_32_BIT_CONVERSION = YES;
				GCC_WARN_ABOUT_RETURN_TYPE = YES_ERROR;
				GCC_WARN_UNDECLARED_SELECTOR = YES;
				GCC_WARN_UNINITIALIZED_AUTOS = YES_AGGRESSIVE;
				GCC_WARN_UNUSED_FUNCTION = YES;
				GCC_WARN_UNUSED_VARIABLE = YES;
				IPHONEOS_DEPLOYMENT_TARGET = 15.2;
				MTL_ENABLE_DEBUG_INFO = NO;
				MTL_FAST_MATH = YES;
				SDKROOT = iphoneos;
				SWIFT_COMPILATION_MODE = wholemodule;
				SWIFT_OPTIMIZATION_LEVEL = "-O";
				VALIDATE_PRODUCT = YES;
			};
			name = Release;
		};
		33FD3A0C27D09F9700BEC78D /* Debug */ = {
			isa = XCBuildConfiguration;
			buildSettings = {
				ASSETCATALOG_COMPILER_APPICON_NAME = AppIcon;
				ASSETCATALOG_COMPILER_GLOBAL_ACCENT_COLOR_NAME = AccentColor;
				CODE_SIGN_STYLE = Automatic;
				CURRENT_PROJECT_VERSION = 1;
				DEVELOPMENT_TEAM = 2TW7VKY4VF;
				GENERATE_INFOPLIST_FILE = YES;
				INFOPLIST_FILE = MyMessenger/Info.plist;
				INFOPLIST_KEY_UIApplicationSupportsIndirectInputEvents = YES;
				INFOPLIST_KEY_UILaunchStoryboardName = LaunchScreen;
				INFOPLIST_KEY_UIMainStoryboardFile = Main;
				INFOPLIST_KEY_UISupportedInterfaceOrientations = UIInterfaceOrientationPortrait;
				INFOPLIST_KEY_UISupportedInterfaceOrientations_iPad = "UIInterfaceOrientationPortrait UIInterfaceOrientationPortraitUpsideDown UIInterfaceOrientationLandscapeLeft UIInterfaceOrientationLandscapeRight";
				INFOPLIST_KEY_UISupportedInterfaceOrientations_iPhone = UIInterfaceOrientationPortrait;
				IPHONEOS_DEPLOYMENT_TARGET = 13.5;
				LD_RUNPATH_SEARCH_PATHS = (
					"$(inherited)",
					"@executable_path/Frameworks",
				);
				MARKETING_VERSION = 1.0;
				PRODUCT_BUNDLE_IDENTIFIER = com.dishant.MyMessenger2;
				PRODUCT_NAME = "$(TARGET_NAME)";
				SWIFT_EMIT_LOC_STRINGS = YES;
				SWIFT_VERSION = 5.0;
				TARGETED_DEVICE_FAMILY = "1,2";
			};
			name = Debug;
		};
		33FD3A0D27D09F9700BEC78D /* Release */ = {
			isa = XCBuildConfiguration;
			buildSettings = {
				ASSETCATALOG_COMPILER_APPICON_NAME = AppIcon;
				ASSETCATALOG_COMPILER_GLOBAL_ACCENT_COLOR_NAME = AccentColor;
				CODE_SIGN_STYLE = Automatic;
				CURRENT_PROJECT_VERSION = 1;
				DEVELOPMENT_TEAM = 2TW7VKY4VF;
				GENERATE_INFOPLIST_FILE = YES;
				INFOPLIST_FILE = MyMessenger/Info.plist;
				INFOPLIST_KEY_UIApplicationSupportsIndirectInputEvents = YES;
				INFOPLIST_KEY_UILaunchStoryboardName = LaunchScreen;
				INFOPLIST_KEY_UIMainStoryboardFile = Main;
				INFOPLIST_KEY_UISupportedInterfaceOrientations = UIInterfaceOrientationPortrait;
				INFOPLIST_KEY_UISupportedInterfaceOrientations_iPad = "UIInterfaceOrientationPortrait UIInterfaceOrientationPortraitUpsideDown UIInterfaceOrientationLandscapeLeft UIInterfaceOrientationLandscapeRight";
				INFOPLIST_KEY_UISupportedInterfaceOrientations_iPhone = UIInterfaceOrientationPortrait;
				IPHONEOS_DEPLOYMENT_TARGET = 13.5;
				LD_RUNPATH_SEARCH_PATHS = (
					"$(inherited)",
					"@executable_path/Frameworks",
				);
				MARKETING_VERSION = 1.0;
				PRODUCT_BUNDLE_IDENTIFIER = com.dishant.MyMessenger2;
				PRODUCT_NAME = "$(TARGET_NAME)";
				SWIFT_EMIT_LOC_STRINGS = YES;
				SWIFT_VERSION = 5.0;
				TARGETED_DEVICE_FAMILY = "1,2";
			};
			name = Release;
		};
/* End XCBuildConfiguration section */

/* Begin XCConfigurationList section */
		33FD39F227D09F9500BEC78D /* Build configuration list for PBXProject "MyMessenger" */ = {
			isa = XCConfigurationList;
			buildConfigurations = (
				33FD3A0927D09F9700BEC78D /* Debug */,
				33FD3A0A27D09F9700BEC78D /* Release */,
			);
			defaultConfigurationIsVisible = 0;
			defaultConfigurationName = Release;
		};
		33FD3A0B27D09F9700BEC78D /* Build configuration list for PBXNativeTarget "MyMessenger" */ = {
			isa = XCConfigurationList;
			buildConfigurations = (
				33FD3A0C27D09F9700BEC78D /* Debug */,
				33FD3A0D27D09F9700BEC78D /* Release */,
			);
			defaultConfigurationIsVisible = 0;
			defaultConfigurationName = Release;
		};
/* End XCConfigurationList section */

/* Begin XCRemoteSwiftPackageReference section */
		33F20AF527D4D3EB0024094C /* XCRemoteSwiftPackageReference "firebase-ios-sdk" */ = {
			isa = XCRemoteSwiftPackageReference;
			repositoryURL = "https://github.com/firebase/firebase-ios-sdk.git";
			requirement = {
				kind = upToNextMajorVersion;
				minimumVersion = 8.0.0;
			};
		};
/* End XCRemoteSwiftPackageReference section */

/* Begin XCSwiftPackageProductDependency section */
		33F20AF627D4D3EB0024094C /* FirebaseAuth */ = {
			isa = XCSwiftPackageProductDependency;
			package = 33F20AF527D4D3EB0024094C /* XCRemoteSwiftPackageReference "firebase-ios-sdk" */;
			productName = FirebaseAuth;
		};
		33F20AF827D4D3EB0024094C /* FirebaseDatabase */ = {
			isa = XCSwiftPackageProductDependency;
			package = 33F20AF527D4D3EB0024094C /* XCRemoteSwiftPackageReference "firebase-ios-sdk" */;
			productName = FirebaseDatabase;
		};
		33F20AFA27D4D3EB0024094C /* FirebaseDatabaseSwift-Beta */ = {
			isa = XCSwiftPackageProductDependency;
			package = 33F20AF527D4D3EB0024094C /* XCRemoteSwiftPackageReference "firebase-ios-sdk" */;
			productName = "FirebaseDatabaseSwift-Beta";
		};
		33F20AFC27D4D3EB0024094C /* FirebaseMessaging */ = {
			isa = XCSwiftPackageProductDependency;
			package = 33F20AF527D4D3EB0024094C /* XCRemoteSwiftPackageReference "firebase-ios-sdk" */;
			productName = FirebaseMessaging;
		};
/* End XCSwiftPackageProductDependency section */
	};
	rootObject = 33FD39EF27D09F9500BEC78D /* Project object */;
}
